// !$*UTF8*$!
{
	archiveVersion = 1;
	classes = {
	};
	objectVersion = 46;
	objects = {

/* Begin PBXBuildFile section */
		223DE7331D5FC70100A18925 /* AppDelegate.swift in Sources */ = {isa = PBXBuildFile; fileRef = 223DE7321D5FC70100A18925 /* AppDelegate.swift */; };
		223DE7351D5FC70100A18925 /* GameScene.sks in Resources */ = {isa = PBXBuildFile; fileRef = 223DE7341D5FC70100A18925 /* GameScene.sks */; };
		223DE7371D5FC70100A18925 /* GameScene.swift in Sources */ = {isa = PBXBuildFile; fileRef = 223DE7361D5FC70100A18925 /* GameScene.swift */; };
		223DE7391D5FC70100A18925 /* GameViewController.swift in Sources */ = {isa = PBXBuildFile; fileRef = 223DE7381D5FC70100A18925 /* GameViewController.swift */; };
		223DE73C1D5FC70100A18925 /* Main.storyboard in Resources */ = {isa = PBXBuildFile; fileRef = 223DE73A1D5FC70100A18925 /* Main.storyboard */; };
		223DE73E1D5FC70100A18925 /* Assets.xcassets in Resources */ = {isa = PBXBuildFile; fileRef = 223DE73D1D5FC70100A18925 /* Assets.xcassets */; };
		223DE7411D5FC70100A18925 /* LaunchScreen.storyboard in Resources */ = {isa = PBXBuildFile; fileRef = 223DE73F1D5FC70100A18925 /* LaunchScreen.storyboard */; };
		223DE74E1D5FC79800A18925 /* MazeGenerator.swift in Sources */ = {isa = PBXBuildFile; fileRef = 223DE74D1D5FC79800A18925 /* MazeGenerator.swift */; };
		2273E8CB1D62194B00586D76 /* MenuScene.swift in Sources */ = {isa = PBXBuildFile; fileRef = 2273E8CA1D62194B00586D76 /* MenuScene.swift */; };
		2273E8CF1D62215000586D76 /* SKButton.swift in Sources */ = {isa = PBXBuildFile; fileRef = 2273E8CE1D62215000586D76 /* SKButton.swift */; };
		22AD9DF11D60B7A9008E2C99 /* Game.swift in Sources */ = {isa = PBXBuildFile; fileRef = 22AD9DF01D60B7A9008E2C99 /* Game.swift */; };
		22D0666D1D60A2C500E0AD29 /* Wall.swift in Sources */ = {isa = PBXBuildFile; fileRef = 22D0666C1D60A2C500E0AD29 /* Wall.swift */; };
		22D0666F1D60A70700E0AD29 /* Maze.swift in Sources */ = {isa = PBXBuildFile; fileRef = 22D0666E1D60A70700E0AD29 /* Maze.swift */; };
		22D066711D60A89A00E0AD29 /* Tile.swift in Sources */ = {isa = PBXBuildFile; fileRef = 22D066701D60A89A00E0AD29 /* Tile.swift */; };
		22D066731D60AFF800E0AD29 /* MazeConfiguration.swift in Sources */ = {isa = PBXBuildFile; fileRef = 22D066721D60AFF800E0AD29 /* MazeConfiguration.swift */; };
		22ED55501D60F3760065CD7F /* Utility.swift in Sources */ = {isa = PBXBuildFile; fileRef = 22ED554F1D60F3760065CD7F /* Utility.swift */; };
/* End PBXBuildFile section */

/* Begin PBXFileReference section */
		223DE72F1D5FC70100A18925 /* Maze.app */ = {isa = PBXFileReference; explicitFileType = wrapper.application; includeInIndex = 0; path = Maze.app; sourceTree = BUILT_PRODUCTS_DIR; };
		223DE7321D5FC70100A18925 /* AppDelegate.swift */ = {isa = PBXFileReference; lastKnownFileType = sourcecode.swift; path = AppDelegate.swift; sourceTree = "<group>"; };
		223DE7341D5FC70100A18925 /* GameScene.sks */ = {isa = PBXFileReference; lastKnownFileType = file.sks; path = GameScene.sks; sourceTree = "<group>"; };
		223DE7361D5FC70100A18925 /* GameScene.swift */ = {isa = PBXFileReference; lastKnownFileType = sourcecode.swift; path = GameScene.swift; sourceTree = "<group>"; };
		223DE7381D5FC70100A18925 /* GameViewController.swift */ = {isa = PBXFileReference; lastKnownFileType = sourcecode.swift; path = GameViewController.swift; sourceTree = "<group>"; };
		223DE73B1D5FC70100A18925 /* Base */ = {isa = PBXFileReference; lastKnownFileType = file.storyboard; name = Base; path = Base.lproj/Main.storyboard; sourceTree = "<group>"; };
		223DE73D1D5FC70100A18925 /* Assets.xcassets */ = {isa = PBXFileReference; lastKnownFileType = folder.assetcatalog; path = Assets.xcassets; sourceTree = "<group>"; };
		223DE7401D5FC70100A18925 /* Base */ = {isa = PBXFileReference; lastKnownFileType = file.storyboard; name = Base; path = Base.lproj/LaunchScreen.storyboard; sourceTree = "<group>"; };
		223DE7421D5FC70100A18925 /* Info.plist */ = {isa = PBXFileReference; lastKnownFileType = text.plist.xml; path = Info.plist; sourceTree = "<group>"; };
		223DE74D1D5FC79800A18925 /* MazeGenerator.swift */ = {isa = PBXFileReference; fileEncoding = 4; lastKnownFileType = sourcecode.swift; path = MazeGenerator.swift; sourceTree = "<group>"; };
		2273E8CA1D62194B00586D76 /* MenuScene.swift */ = {isa = PBXFileReference; fileEncoding = 4; lastKnownFileType = sourcecode.swift; path = MenuScene.swift; sourceTree = "<group>"; };
		2273E8CE1D62215000586D76 /* SKButton.swift */ = {isa = PBXFileReference; fileEncoding = 4; lastKnownFileType = sourcecode.swift; path = SKButton.swift; sourceTree = "<group>"; };
		22AD9DF01D60B7A9008E2C99 /* Game.swift */ = {isa = PBXFileReference; fileEncoding = 4; lastKnownFileType = sourcecode.swift; path = Game.swift; sourceTree = "<group>"; };
		22D0666C1D60A2C500E0AD29 /* Wall.swift */ = {isa = PBXFileReference; fileEncoding = 4; lastKnownFileType = sourcecode.swift; path = Wall.swift; sourceTree = "<group>"; };
		22D0666E1D60A70700E0AD29 /* Maze.swift */ = {isa = PBXFileReference; fileEncoding = 4; lastKnownFileType = sourcecode.swift; path = Maze.swift; sourceTree = "<group>"; };
		22D066701D60A89A00E0AD29 /* Tile.swift */ = {isa = PBXFileReference; fileEncoding = 4; lastKnownFileType = sourcecode.swift; path = Tile.swift; sourceTree = "<group>"; };
		22D066721D60AFF800E0AD29 /* MazeConfiguration.swift */ = {isa = PBXFileReference; fileEncoding = 4; lastKnownFileType = sourcecode.swift; path = MazeConfiguration.swift; sourceTree = "<group>"; };
		22ED554F1D60F3760065CD7F /* Utility.swift */ = {isa = PBXFileReference; fileEncoding = 4; lastKnownFileType = sourcecode.swift; path = Utility.swift; sourceTree = "<group>"; };
/* End PBXFileReference section */

/* Begin PBXFrameworksBuildPhase section */
		223DE72C1D5FC70100A18925 /* Frameworks */ = {
			isa = PBXFrameworksBuildPhase;
			buildActionMask = 2147483647;
			files = (
			);
			runOnlyForDeploymentPostprocessing = 0;
		};
/* End PBXFrameworksBuildPhase section */

/* Begin PBXGroup section */
		223DE7261D5FC70100A18925 = {
			isa = PBXGroup;
			children = (
				223DE7311D5FC70100A18925 /* Maze */,
				223DE7301D5FC70100A18925 /* Products */,
			);
			sourceTree = "<group>";
		};
		223DE7301D5FC70100A18925 /* Products */ = {
			isa = PBXGroup;
			children = (
				223DE72F1D5FC70100A18925 /* Maze.app */,
			);
			name = Products;
			sourceTree = "<group>";
		};
		223DE7311D5FC70100A18925 /* Maze */ = {
			isa = PBXGroup;
			children = (
				223DE7321D5FC70100A18925 /* AppDelegate.swift */,
				223DE7381D5FC70100A18925 /* GameViewController.swift */,
				223DE74C1D5FC78400A18925 /* Game Objects */,
				223DE74A1D5FC75100A18925 /* Scenes */,
				223DE7491D5FC73800A18925 /* Assets */,
				223DE7481D5FC70F00A18925 /* Storyboards */,
				223DE7421D5FC70100A18925 /* Info.plist */,
			);
			path = Maze;
			sourceTree = "<group>";
		};
		223DE7481D5FC70F00A18925 /* Storyboards */ = {
			isa = PBXGroup;
			children = (
				223DE7341D5FC70100A18925 /* GameScene.sks */,
				223DE73F1D5FC70100A18925 /* LaunchScreen.storyboard */,
				223DE73A1D5FC70100A18925 /* Main.storyboard */,
			);
			name = Storyboards;
			sourceTree = "<group>";
		};
		223DE7491D5FC73800A18925 /* Assets */ = {
			isa = PBXGroup;
			children = (
				223DE73D1D5FC70100A18925 /* Assets.xcassets */,
			);
			name = Assets;
			sourceTree = "<group>";
		};
		223DE74A1D5FC75100A18925 /* Scenes */ = {
			isa = PBXGroup;
			children = (
				223DE7361D5FC70100A18925 /* GameScene.swift */,
				2273E8CA1D62194B00586D76 /* MenuScene.swift */,
			);
			name = Scenes;
			sourceTree = "<group>";
		};
		223DE74C1D5FC78400A18925 /* Game Objects */ = {
			isa = PBXGroup;
			children = (
				2273E8D01D62215600586D76 /* UI */,
				22AD9DF01D60B7A9008E2C99 /* Game.swift */,
				22D0666E1D60A70700E0AD29 /* Maze.swift */,
				22D066721D60AFF800E0AD29 /* MazeConfiguration.swift */,
				22D066701D60A89A00E0AD29 /* Tile.swift */,
				22D0666C1D60A2C500E0AD29 /* Wall.swift */,
				223DE74D1D5FC79800A18925 /* MazeGenerator.swift */,
				22ED554F1D60F3760065CD7F /* Utility.swift */,
			);
			name = "Game Objects";
			sourceTree = "<group>";
		};
		2273E8D01D62215600586D76 /* UI */ = {
			isa = PBXGroup;
			children = (
				2273E8CE1D62215000586D76 /* SKButton.swift */,
			);
			name = UI;
			sourceTree = "<group>";
		};
/* End PBXGroup section */

/* Begin PBXNativeTarget section */
		223DE72E1D5FC70100A18925 /* Maze */ = {
			isa = PBXNativeTarget;
			buildConfigurationList = 223DE7451D5FC70100A18925 /* Build configuration list for PBXNativeTarget "Maze" */;
			buildPhases = (
				223DE72B1D5FC70100A18925 /* Sources */,
				223DE72C1D5FC70100A18925 /* Frameworks */,
				223DE72D1D5FC70100A18925 /* Resources */,
			);
			buildRules = (
			);
			dependencies = (
			);
			name = Maze;
			productName = Maze;
			productReference = 223DE72F1D5FC70100A18925 /* Maze.app */;
			productType = "com.apple.product-type.application";
		};
/* End PBXNativeTarget section */

/* Begin PBXProject section */
		223DE7271D5FC70100A18925 /* Project object */ = {
			isa = PBXProject;
			attributes = {
				LastSwiftUpdateCheck = 0730;
				LastUpgradeCheck = 0730;
				ORGANIZATIONNAME = "bart games";
				TargetAttributes = {
					223DE72E1D5FC70100A18925 = {
						CreatedOnToolsVersion = 7.3.1;
						DevelopmentTeam = 2HD6GD9MAB;
					};
				};
			};
			buildConfigurationList = 223DE72A1D5FC70100A18925 /* Build configuration list for PBXProject "Maze" */;
			compatibilityVersion = "Xcode 3.2";
			developmentRegion = English;
			hasScannedForEncodings = 0;
			knownRegions = (
				en,
				Base,
			);
			mainGroup = 223DE7261D5FC70100A18925;
			productRefGroup = 223DE7301D5FC70100A18925 /* Products */;
			projectDirPath = "";
			projectRoot = "";
			targets = (
				223DE72E1D5FC70100A18925 /* Maze */,
			);
		};
/* End PBXProject section */

/* Begin PBXResourcesBuildPhase section */
		223DE72D1D5FC70100A18925 /* Resources */ = {
			isa = PBXResourcesBuildPhase;
			buildActionMask = 2147483647;
			files = (
				223DE7351D5FC70100A18925 /* GameScene.sks in Resources */,
				223DE7411D5FC70100A18925 /* LaunchScreen.storyboard in Resources */,
				223DE73E1D5FC70100A18925 /* Assets.xcassets in Resources */,
				223DE73C1D5FC70100A18925 /* Main.storyboard in Resources */,
			);
			runOnlyForDeploymentPostprocessing = 0;
		};
/* End PBXResourcesBuildPhase section */

/* Begin PBXSourcesBuildPhase section */
		223DE72B1D5FC70100A18925 /* Sources */ = {
			isa = PBXSourcesBuildPhase;
			buildActionMask = 2147483647;
			files = (
				22ED55501D60F3760065CD7F /* Utility.swift in Sources */,
				223DE7371D5FC70100A18925 /* GameScene.swift in Sources */,
				22AD9DF11D60B7A9008E2C99 /* Game.swift in Sources */,
				22D0666D1D60A2C500E0AD29 /* Wall.swift in Sources */,
				22D066711D60A89A00E0AD29 /* Tile.swift in Sources */,
				223DE7391D5FC70100A18925 /* GameViewController.swift in Sources */,
				22D066731D60AFF800E0AD29 /* MazeConfiguration.swift in Sources */,
				2273E8CF1D62215000586D76 /* SKButton.swift in Sources */,
				223DE74E1D5FC79800A18925 /* MazeGenerator.swift in Sources */,
				223DE7331D5FC70100A18925 /* AppDelegate.swift in Sources */,
				2273E8CB1D62194B00586D76 /* MenuScene.swift in Sources */,
				22D0666F1D60A70700E0AD29 /* Maze.swift in Sources */,
			);
			runOnlyForDeploymentPostprocessing = 0;
		};
/* End PBXSourcesBuildPhase section */

/* Begin PBXVariantGroup section */
		223DE73A1D5FC70100A18925 /* Main.storyboard */ = {
			isa = PBXVariantGroup;
			children = (
				223DE73B1D5FC70100A18925 /* Base */,
			);
			name = Main.storyboard;
			sourceTree = "<group>";
		};
		223DE73F1D5FC70100A18925 /* LaunchScreen.storyboard */ = {
			isa = PBXVariantGroup;
			children = (
				223DE7401D5FC70100A18925 /* Base */,
			);
			name = LaunchScreen.storyboard;
			sourceTree = "<group>";
		};
/* End PBXVariantGroup section */

/* Begin XCBuildConfiguration section */
		223DE7431D5FC70100A18925 /* Debug */ = {
			isa = XCBuildConfiguration;
			buildSettings = {
				ALWAYS_SEARCH_USER_PATHS = NO;
				CLANG_ANALYZER_NONNULL = YES;
				CLANG_CXX_LANGUAGE_STANDARD = "gnu++0x";
				CLANG_CXX_LIBRARY = "libc++";
				CLANG_ENABLE_MODULES = YES;
				CLANG_ENABLE_OBJC_ARC = YES;
				CLANG_WARN_BOOL_CONVERSION = YES;
				CLANG_WARN_CONSTANT_CONVERSION = YES;
				CLANG_WARN_DIRECT_OBJC_ISA_USAGE = YES_ERROR;
				CLANG_WARN_EMPTY_BODY = YES;
				CLANG_WARN_ENUM_CONVERSION = YES;
				CLANG_WARN_INT_CONVERSION = YES;
				CLANG_WARN_OBJC_ROOT_CLASS = YES_ERROR;
				CLANG_WARN_UNREACHABLE_CODE = YES;
				CLANG_WARN__DUPLICATE_METHOD_MATCH = YES;
				"CODE_SIGN_IDENTITY[sdk=iphoneos*]" = "iPhone Developer";
				COPY_PHASE_STRIP = NO;
				DEBUG_INFORMATION_FORMAT = "dwarf-with-dsym";
				ENABLE_STRICT_OBJC_MSGSEND = YES;
				ENABLE_TESTABILITY = YES;
				GCC_C_LANGUAGE_STANDARD = gnu99;
				GCC_DYNAMIC_NO_PIC = NO;
				GCC_NO_COMMON_BLOCKS = YES;
				GCC_OPTIMIZATION_LEVEL = 0;
				GCC_PREPROCESSOR_DEFINITIONS = (
					"DEBUG=1",
					"$(inherited)",
				);
				GCC_WARN_64_TO_32_BIT_CONVERSION = YES;
				GCC_WARN_ABOUT_RETURN_TYPE = YES_ERROR;
				GCC_WARN_UNDECLARED_SELECTOR = YES;
				GCC_WARN_UNINITIALIZED_AUTOS = YES_AGGRESSIVE;
				GCC_WARN_UNUSED_FUNCTION = YES;
				GCC_WARN_UNUSED_VARIABLE = YES;
				IPHONEOS_DEPLOYMENT_TARGET = 9.3;
				MTL_ENABLE_DEBUG_INFO = YES;
				ONLY_ACTIVE_ARCH = YES;
				SDKROOT = iphoneos;
				SWIFT_OPTIMIZATION_LEVEL = "-Onone";
				TARGETED_DEVICE_FAMILY = "1,2";
			};
			name = Debug;
		};
		223DE7441D5FC70100A18925 /* Release */ = {
			isa = XCBuildConfiguration;
			buildSettings = {
				ALWAYS_SEARCH_USER_PATHS = NO;
				CLANG_ANALYZER_NONNULL = YES;
				CLANG_CXX_LANGUAGE_STANDARD = "gnu++0x";
				CLANG_CXX_LIBRARY = "libc++";
				CLANG_ENABLE_MODULES = YES;
				CLANG_ENABLE_OBJC_ARC = YES;
				CLANG_WARN_BOOL_CONVERSION = YES;
				CLANG_WARN_CONSTANT_CONVERSION = YES;
				CLANG_WARN_DIRECT_OBJC_ISA_USAGE = YES_ERROR;
				CLANG_WARN_EMPTY_BODY = YES;
				CLANG_WARN_ENUM_CONVERSION = YES;
				CLANG_WARN_INT_CONVERSION = YES;
				CLANG_WARN_OBJC_ROOT_CLASS = YES_ERROR;
				CLANG_WARN_UNREACHABLE_CODE = YES;
				CLANG_WARN__DUPLICATE_METHOD_MATCH = YES;
				"CODE_SIGN_IDENTITY[sdk=iphoneos*]" = "iPhone Developer";
				COPY_PHASE_STRIP = NO;
				DEBUG_INFORMATION_FORMAT = "dwarf-with-dsym";
				ENABLE_NS_ASSERTIONS = NO;
				ENABLE_STRICT_OBJC_MSGSEND = YES;
				GCC_C_LANGUAGE_STANDARD = gnu99;
				GCC_NO_COMMON_BLOCKS = YES;
				GCC_WARN_64_TO_32_BIT_CONVERSION = YES;
				GCC_WARN_ABOUT_RETURN_TYPE = YES_ERROR;
				GCC_WARN_UNDECLARED_SELECTOR = YES;
				GCC_WARN_UNINITIALIZED_AUTOS = YES_AGGRESSIVE;
				GCC_WARN_UNUSED_FUNCTION = YES;
				GCC_WARN_UNUSED_VARIABLE = YES;
				IPHONEOS_DEPLOYMENT_TARGET = 9.3;
				MTL_ENABLE_DEBUG_INFO = NO;
				SDKROOT = iphoneos;
				TARGETED_DEVICE_FAMILY = "1,2";
				VALIDATE_PRODUCT = YES;
			};
			name = Release;
		};
		223DE7461D5FC70100A18925 /* Debug */ = {
			isa = XCBuildConfiguration;
			buildSettings = {
				ASSETCATALOG_COMPILER_APPICON_NAME = AppIcon;
				CODE_SIGN_IDENTITY = "iPhone Developer";
				"CODE_SIGN_IDENTITY[sdk=iphoneos*]" = "iPhone Developer";
				INFOPLIST_FILE = Maze/Info.plist;
				LD_RUNPATH_SEARCH_PATHS = "$(inherited) @executable_path/Frameworks";
				PRODUCT_BUNDLE_IDENTIFIER = com.bartgames.Maze;
				PRODUCT_NAME = "$(TARGET_NAME)";
				PROVISIONING_PROFILE = "";
			};
			name = Debug;
		};
		223DE7471D5FC70100A18925 /* Release */ = {
			isa = XCBuildConfiguration;
			buildSettings = {
				ASSETCATALOG_COMPILER_APPICON_NAME = AppIcon;
				CODE_SIGN_IDENTITY = "iPhone Developer";
				"CODE_SIGN_IDENTITY[sdk=iphoneos*]" = "iPhone Developer";
				INFOPLIST_FILE = Maze/Info.plist;
				LD_RUNPATH_SEARCH_PATHS = "$(inherited) @executable_path/Frameworks";
				PRODUCT_BUNDLE_IDENTIFIER = com.bartgames.Maze;
				PRODUCT_NAME = "$(TARGET_NAME)";
				PROVISIONING_PROFILE = "";
			};
			name = Release;
		};
/* End XCBuildConfiguration section */

/* Begin XCConfigurationList section */
		223DE72A1D5FC70100A18925 /* Build configuration list for PBXProject "Maze" */ = {
			isa = XCConfigurationList;
			buildConfigurations = (
				223DE7431D5FC70100A18925 /* Debug */,
				223DE7441D5FC70100A18925 /* Release */,
			);
			defaultConfigurationIsVisible = 0;
			defaultConfigurationName = Release;
		};
		223DE7451D5FC70100A18925 /* Build configuration list for PBXNativeTarget "Maze" */ = {
			isa = XCConfigurationList;
			buildConfigurations = (
				223DE7461D5FC70100A18925 /* Debug */,
				223DE7471D5FC70100A18925 /* Release */,
			);
			defaultConfigurationIsVisible = 0;
			defaultConfigurationName = Release;
		};
/* End XCConfigurationList section */
	};
	rootObject = 223DE7271D5FC70100A18925 /* Project object */;
}
